
Microsoft Visual Studio Solution File, Format Version 12.00
# Visual Studio Version 17
VisualStudioVersion = 17.5.002.0
MinimumVisualStudioVersion = 10.0.40219.1
Project("{2150E333-8FDC-42A3-9474-1A3956D46DE8}") = "Back", "Back", "{E151098D-245D-4CC1-AC79-88D20CBC3ECA}"
EndProject
Project("{2150E333-8FDC-42A3-9474-1A3956D46DE8}") = "src", "src", "{144E0BEC-7CCF-4B58-94F4-6A32051E46E4}"
EndProject
Project("{9A19103F-16F7-4668-BE54-9A1E7A4F7556}") = "ProEventos.API", "Back\src\ProEventos.API\ProEventos.API.csproj", "{F8EBD519-F099-4801-95D2-D89DB2F50B47}"
EndProject
Global
	GlobalSection(SolutionConfigurationPlatforms) = preSolution
		Debug|Any CPU = Debug|Any CPU
		Release|Any CPU = Release|Any CPU
	EndGlobalSection
	GlobalSection(ProjectConfigurationPlatforms) = postSolution
		{F8EBD519-F099-4801-95D2-D89DB2F50B47}.Debug|Any CPU.ActiveCfg = Debug|Any CPU
		{F8EBD519-F099-4801-95D2-D89DB2F50B47}.Debug|Any CPU.Build.0 = Debug|Any CPU
		{F8EBD519-F099-4801-95D2-D89DB2F50B47}.Release|Any CPU.ActiveCfg = Release|Any CPU
		{F8EBD519-F099-4801-95D2-D89DB2F50B47}.Release|Any CPU.Build.0 = Release|Any CPU
	EndGlobalSection
	GlobalSection(SolutionProperties) = preSolution
		HideSolutionNode = FALSE
	EndGlobalSection
	GlobalSection(NestedProjects) = preSolution
		{144E0BEC-7CCF-4B58-94F4-6A32051E46E4} = {E151098D-245D-4CC1-AC79-88D20CBC3ECA}
		{F8EBD519-F099-4801-95D2-D89DB2F50B47} = {144E0BEC-7CCF-4B58-94F4-6A32051E46E4}
	EndGlobalSection
	GlobalSection(ExtensibilityGlobals) = postSolution
		SolutionGuid = {6C13EB23-61EA-4A07-9A0A-6B92F9CC8E53}
	EndGlobalSection
EndGlobal
